<?xml version="1.0" encoding="utf-8"?>
<Project ToolsVersion="4.0" xmlns="http://schemas.microsoft.com/developer/msbuild/2003">
  <ItemGroup>
    <Filter Include="Source Files">
      <UniqueIdentifier>{4FC737F1-C7A5-4376-A066-2A32D752A2FF}</UniqueIdentifier>
      <Extensions>cpp;c;cc;cxx;c++;cppm;ixx;def;odl;idl;hpj;bat;asm;asmx</Extensions>
    </Filter>
    <Filter Include="Header Files">
      <UniqueIdentifier>{93995380-89BD-4b04-88EB-625FBE52EBFB}</UniqueIdentifier>
      <Extensions>h;hh;hpp;hxx;h++;hm;inl;inc;ipp;xsd</Extensions>
    </Filter>
    <Filter Include="Resource Files">
      <UniqueIdentifier>{67DA6AB6-F800-4c08-8B7A-83BB121AAD01}</UniqueIdentifier>
      <Extensions>rc;ico;cur;bmp;dlg;rc2;rct;bin;rgs;gif;jpg;jpeg;jpe;resx;tiff;tif;png;wav;mfcribbon-ms</Extensions>
    </Filter>
    <Filter Include="Header Files\TCPUtils">
      <UniqueIdentifier>{41e54119-7fa0-4d3a-8853-79f4f332b09b}</UniqueIdentifier>
    </Filter>
    <Filter Include="Source Files\TCPUtils">
      <UniqueIdentifier>{41ead4df-659d-4c04-ac31-56514a09449e}</UniqueIdentifier>
    </Filter>
    <Filter Include="Source Files\NodeHelper">
      <UniqueIdentifier>{1fb7d61c-217e-40c9-bb12-52d2fd4a62dc}</UniqueIdentifier>
    </Filter>
    <Filter Include="Header Files\NodeHelper">
      <UniqueIdentifier>{50c028e9-290c-45ac-a66b-953ee80df2c6}</UniqueIdentifier>
    </Filter>
    <Filter Include="Header Files\Student">
      <UniqueIdentifier>{21eb5e70-70aa-43eb-a463-db01e6d5eb1c}</UniqueIdentifier>
    </Filter>
    <Filter Include="Source Files\Student">
      <UniqueIdentifier>{f9572cf7-eec6-4f58-80d0-d1641e11b257}</UniqueIdentifier>
    </Filter>
    <Filter Include="Header Files\DataStructures">
      <UniqueIdentifier>{4e24e5c0-b44c-4596-b24f-8e73039e42fa}</UniqueIdentifier>
    </Filter>
    <Filter Include="Source Files\DataStructures">
      <UniqueIdentifier>{2540668f-0325-4379-991b-474ea2acbe41}</UniqueIdentifier>
    </Filter>
    <Filter Include="Header Files\Threads">
      <UniqueIdentifier>{c564989b-4fd2-4989-8951-1156caf060e6}</UniqueIdentifier>
    </Filter>
    <Filter Include="Source Files\Threads">
      <UniqueIdentifier>{93ec37de-2992-4700-b2a2-c635f3f32b24}</UniqueIdentifier>
    </Filter>
  </ItemGroup>
  <ItemGroup>
    <ClCompile Include="main.cpp">
      <Filter>Source Files</Filter>
    </ClCompile>
    <ClCompile Include="TCPUtils.cpp">
      <Filter>Source Files\TCPUtils</Filter>
    </ClCompile>
    <ClCompile Include="NodeHelper.cpp">
      <Filter>Source Files\NodeHelper</Filter>
    </ClCompile>
    <ClCompile Include="Student.cpp">
      <Filter>Source Files\Student</Filter>
    </ClCompile>
    <ClCompile Include="SinglyLinkedList.cpp">
      <Filter>Source Files\DataStructures</Filter>
    </ClCompile>
    <ClCompile Include="HashTable.cpp">
      <Filter>Source Files\DataStructures</Filter>
    </ClCompile>
    <ClCompile Include="RingBuffer.cpp">
      <Filter>Source Files\DataStructures</Filter>
    </ClCompile>
    <ClCompile Include="Threads.cpp">
      <Filter>Source Files\Threads</Filter>
    </ClCompile>
  </ItemGroup>
  <ItemGroup>
    <ClInclude Include="TCPUtils.h">
      <Filter>Header Files\TCPUtils</Filter>
    </ClInclude>
    <ClInclude Include="NodeHelper.h">
      <Filter>Header Files\NodeHelper</Filter>
    </ClInclude>
    <ClInclude Include="Student.h">
      <Filter>Header Files\Student</Filter>
    </ClInclude>
    <ClInclude Include="SinglyLinkedList.h">
      <Filter>Header Files\DataStructures</Filter>
    </ClInclude>
    <ClInclude Include="HashTable.h">
      <Filter>Header Files\DataStructures</Filter>
    </ClInclude>
    <ClInclude Include="RingBuffer.h">
      <Filter>Header Files\DataStructures</Filter>
    </ClInclude>
    <ClInclude Include="DistributedTransaction.h">
      <Filter>Header Files</Filter>
    </ClInclude>
    <ClInclude Include="Threads.h">
      <Filter>Header Files\Threads</Filter>
    </ClInclude>
  </ItemGroup>
</Project>